
Microsoft Visual Studio Solution File, Format Version 12.00
Project("{FAE04EC0-301F-11D3-BF4B-00C04F79EFBC}") = "CurrencyConverterAPI", "CurrencyConverterAPI\CurrencyConverterAPI.csproj", "{24624FCF-3FBA-4536-ABF9-74DAE5896D70}"
EndProject
Project("{FAE04EC0-301F-11D3-BF4B-00C04F79EFBC}") = "CurrencyConverterAPI.Tests", "tests\CurrencyConverterAPI.Tests\CurrencyConverterAPI.Tests.csproj", "{313D8C3B-8A5A-4882-9BD7-0B310E5EA274}"
EndProject
Global
	GlobalSection(SolutionConfigurationPlatforms) = preSolution
		Debug|Any CPU = Debug|Any CPU
		Release|Any CPU = Release|Any CPU
	EndGlobalSection
	GlobalSection(ProjectConfigurationPlatforms) = postSolution
		{24624FCF-3FBA-4536-ABF9-74DAE5896D70}.Debug|Any CPU.ActiveCfg = Debug|Any CPU
		{24624FCF-3FBA-4536-ABF9-74DAE5896D70}.Debug|Any CPU.Build.0 = Debug|Any CPU
		{24624FCF-3FBA-4536-ABF9-74DAE5896D70}.Release|Any CPU.ActiveCfg = Release|Any CPU
		{24624FCF-3FBA-4536-ABF9-74DAE5896D70}.Release|Any CPU.Build.0 = Release|Any CPU
		{313D8C3B-8A5A-4882-9BD7-0B310E5EA274}.Debug|Any CPU.ActiveCfg = Debug|Any CPU
		{313D8C3B-8A5A-4882-9BD7-0B310E5EA274}.Debug|Any CPU.Build.0 = Debug|Any CPU
		{313D8C3B-8A5A-4882-9BD7-0B310E5EA274}.Release|Any CPU.ActiveCfg = Release|Any CPU
		{313D8C3B-8A5A-4882-9BD7-0B310E5EA274}.Release|Any CPU.Build.0 = Release|Any CPU
	EndGlobalSection
EndGlobal
